
Microsoft Visual Studio Solution File, Format Version 12.00
# Visual Studio Version 17
VisualStudioVersion = 17.0.31903.59
MinimumVisualStudioVersion = 10.0.40219.1
Project("{FAE04EC0-301F-11D3-BF4B-00C04F79EFBC}") = "ClayAccessControl.API", "ClayAccessControl.API\ClayAccessControl.API.csproj", "{FAB38555-9B9E-44B1-B25C-BBE841213DE5}"
EndProject
Project("{FAE04EC0-301F-11D3-BF4B-00C04F79EFBC}") = "ClayAccessControl.Core", "ClayAccessControl.Core\ClayAccessControl.Core.csproj", "{7A014902-0051-4F72-9E02-D0A66801630E}"
EndProject
Project("{FAE04EC0-301F-11D3-BF4B-00C04F79EFBC}") = "ClayAccessControl.Infrastructure", "ClayAccessControl.Infrastructure\ClayAccessControl.Infrastructure.csproj", "{CDF8B45F-D66F-47DB-9DE5-3FDC821DBAA5}"
EndProject
Global
	GlobalSection(SolutionConfigurationPlatforms) = preSolution
		Debug|Any CPU = Debug|Any CPU
		Release|Any CPU = Release|Any CPU
	EndGlobalSection
	GlobalSection(SolutionProperties) = preSolution
		HideSolutionNode = FALSE
	EndGlobalSection
	GlobalSection(ProjectConfigurationPlatforms) = postSolution
		{FAB38555-9B9E-44B1-B25C-BBE841213DE5}.Debug|Any CPU.ActiveCfg = Debug|Any CPU
		{FAB38555-9B9E-44B1-B25C-BBE841213DE5}.Debug|Any CPU.Build.0 = Debug|Any CPU
		{FAB38555-9B9E-44B1-B25C-BBE841213DE5}.Release|Any CPU.ActiveCfg = Release|Any CPU
		{FAB38555-9B9E-44B1-B25C-BBE841213DE5}.Release|Any CPU.Build.0 = Release|Any CPU
		{7A014902-0051-4F72-9E02-D0A66801630E}.Debug|Any CPU.ActiveCfg = Debug|Any CPU
		{7A014902-0051-4F72-9E02-D0A66801630E}.Debug|Any CPU.Build.0 = Debug|Any CPU
		{7A014902-0051-4F72-9E02-D0A66801630E}.Release|Any CPU.ActiveCfg = Release|Any CPU
		{7A014902-0051-4F72-9E02-D0A66801630E}.Release|Any CPU.Build.0 = Release|Any CPU
		{CDF8B45F-D66F-47DB-9DE5-3FDC821DBAA5}.Debug|Any CPU.ActiveCfg = Debug|Any CPU
		{CDF8B45F-D66F-47DB-9DE5-3FDC821DBAA5}.Debug|Any CPU.Build.0 = Debug|Any CPU
		{CDF8B45F-D66F-47DB-9DE5-3FDC821DBAA5}.Release|Any CPU.ActiveCfg = Release|Any CPU
		{CDF8B45F-D66F-47DB-9DE5-3FDC821DBAA5}.Release|Any CPU.Build.0 = Release|Any CPU
	EndGlobalSection
EndGlobal
